schema: '2.0'
stages:
  retrain:
    cmd: python src/retrain.py
    deps:
    - path: src/retrain.py
      hash: md5
      md5: ab61b47c4c517428ab8dff1785e9cb27
      size: 390
    params:
      params.yaml:
        train.batch_size: 128
        train.dropout: 0.45
        train.hidden_units: 64
        train.lr: 0.0001
        train.num_epochs: 3
    outs:
    - path: dvclive/metrics.json
      hash: md5
      md5: d6661a85905119610cf10908a7cd023f
      size: 43
