schema: '2.0'
stages:
  load_data:
    cmd: python src/load_data.py
    deps:
    - path: src/load_data.py
      md5: db94f13dab25164fb992831442e357e7
      size: 228
    outs:
    - path: output/data.pkl
      md5: 35353c71da0985eed8bb507bbc53bd91
      size: 54950285
  train:
    cmd: python src/train.py
    deps:
    - path: output/data.pkl
      md5: 35353c71da0985eed8bb507bbc53bd91
      size: 54950285
    - path: src/train.py
      md5: 4f1fec86d36645b90cb51781ec6cefd3
      size: 2774
    params:
      params.yaml:
        train.batch_size: 128
        train.dropout: 0.4
        train.hidden_units: 64
        train.lr: 0.01
        train.num_epochs: 3
    outs:
    - path: dvclive/metrics.json
      md5: 73d3c9fc9dd2f2863ee3b0033045bcbd
      size: 53
    - path: dvclive/plots/metrics/accuracy.tsv
      md5: 94cfe2ee37625e9fae70196b5d91874a
      size: 77
    - path: output/model.h5
      md5: 02cd4b736a1349b90f3f206419784f00
      size: 638720
    - path: output/train_logs.csv
      md5: 5e47ec0aad2fd5acae69568f117178ec
      size: 140
  evaluate:
    cmd: python src/evaluate.py
    deps:
    - path: output/data.pkl
      md5: 35353c71da0985eed8bb507bbc53bd91
      size: 54950285
    - path: output/model.h5
      md5: 02cd4b736a1349b90f3f206419784f00
      size: 638720
    - path: src/evaluate.py
      md5: 85d73b83a78dca17769216e7406895bf
      size: 1168
    outs:
    - path: output/metrics.json
      md5: 97b057666c786b3a99cfe3758f8364c4
      size: 60
    - path: output/predictions.json
      md5: e6ee2750b3b03db9d1573462740881a7
      size: 310000
