schema: '2.0'
stages:
  retrain:
    cmd: python src/retrain.py
    deps:
    - path: src/retrain.py
      md5: ab61b47c4c517428ab8dff1785e9cb27
      size: 390
    params:
      params.yaml:
        train.batch_size: 128
        train.dropout: 0.45
        train.hidden_units: 64
        train.lr: 0.001
        train.num_epochs: 3
    outs:
    - path: dvclive/metrics.json
      md5: a2bc5b6c2f758a3e3ed5828c3e64beea
      size: 42
